
Microsoft Visual Studio Solution File, Format Version 12.00
# Visual Studio 15
VisualStudioVersion = 15.0.28307.572
MinimumVisualStudioVersion = 10.0.40219.1
Project("{FAE04EC0-301F-11D3-BF4B-00C04F79EFBC}") = "TaskManagerClone", "TaskManagerClone\TaskManagerClone.csproj", "{F8412293-4468-43FA-AF1D-C2E5C584CC56}"
EndProject
Global
	GlobalSection(SolutionConfigurationPlatforms) = preSolution
		Debug|Any CPU = Debug|Any CPU
		Release|Any CPU = Release|Any CPU
	EndGlobalSection
	GlobalSection(ProjectConfigurationPlatforms) = postSolution
		{F8412293-4468-43FA-AF1D-C2E5C584CC56}.Debug|Any CPU.ActiveCfg = Debug|Any CPU
		{F8412293-4468-43FA-AF1D-C2E5C584CC56}.Debug|Any CPU.Build.0 = Debug|Any CPU
		{F8412293-4468-43FA-AF1D-C2E5C584CC56}.Release|Any CPU.ActiveCfg = Release|Any CPU
		{F8412293-4468-43FA-AF1D-C2E5C584CC56}.Release|Any CPU.Build.0 = Release|Any CPU
	EndGlobalSection
	GlobalSection(SolutionProperties) = preSolution
		HideSolutionNode = FALSE
	EndGlobalSection
	GlobalSection(ExtensibilityGlobals) = postSolution
		SolutionGuid = {6A4378A5-71E8-47E5-9572-EE57442A66E7}
	EndGlobalSection
EndGlobal
